
Microsoft Visual Studio Solution File, Format Version 12.00
# Visual Studio Version 17
VisualStudioVersion = 17.14.36603.0 d17.14
MinimumVisualStudioVersion = 10.0.40219.1
Project("{FAE04EC0-301F-11D3-BF4B-00C04F79EFBC}") = "WellnessApp.NotificationService", "WellnessApp.NotificationService\WellnessApp.NotificationService.csproj", "{B825F75B-989A-4CDC-A091-09AEA6796862}"
EndProject
Global
	GlobalSection(SolutionConfigurationPlatforms) = preSolution
		Debug|Any CPU = Debug|Any CPU
		Release|Any CPU = Release|Any CPU
	EndGlobalSection
	GlobalSection(ProjectConfigurationPlatforms) = postSolution
		{B825F75B-989A-4CDC-A091-09AEA6796862}.Debug|Any CPU.ActiveCfg = Debug|Any CPU
		{B825F75B-989A-4CDC-A091-09AEA6796862}.Debug|Any CPU.Build.0 = Debug|Any CPU
		{B825F75B-989A-4CDC-A091-09AEA6796862}.Release|Any CPU.ActiveCfg = Release|Any CPU
		{B825F75B-989A-4CDC-A091-09AEA6796862}.Release|Any CPU.Build.0 = Release|Any CPU
	EndGlobalSection
	GlobalSection(SolutionProperties) = preSolution
		HideSolutionNode = FALSE
	EndGlobalSection
	GlobalSection(ExtensibilityGlobals) = postSolution
		SolutionGuid = {C8CCC552-4917-45EC-A753-9DA1C52BEF9F}
	EndGlobalSection
EndGlobal
